
Microsoft Visual Studio Solution File, Format Version 12.00
# Visual Studio Version 17
VisualStudioVersion = 17.9.34616.47
MinimumVisualStudioVersion = 10.0.40219.1
Project("{FAE04EC0-301F-11D3-BF4B-00C04F79EFBC}") = "Project2-1Library", "Project2-1Library\Project2-1Library.csproj", "{E53C18C5-F131-488E-B415-658D81EAD4F7}"
EndProject
Project("{FAE04EC0-301F-11D3-BF4B-00C04F79EFBC}") = "Project2-1Console", "Project2-1Console\Project2-1Console.csproj", "{68499F5E-C583-4B19-BF1F-AAC3E615513B}"
EndProject
Global
	GlobalSection(SolutionConfigurationPlatforms) = preSolution
		Debug|Any CPU = Debug|Any CPU
		Release|Any CPU = Release|Any CPU
	EndGlobalSection
	GlobalSection(ProjectConfigurationPlatforms) = postSolution
		{E53C18C5-F131-488E-B415-658D81EAD4F7}.Debug|Any CPU.ActiveCfg = Debug|Any CPU
		{E53C18C5-F131-488E-B415-658D81EAD4F7}.Debug|Any CPU.Build.0 = Debug|Any CPU
		{E53C18C5-F131-488E-B415-658D81EAD4F7}.Release|Any CPU.ActiveCfg = Release|Any CPU
		{E53C18C5-F131-488E-B415-658D81EAD4F7}.Release|Any CPU.Build.0 = Release|Any CPU
		{68499F5E-C583-4B19-BF1F-AAC3E615513B}.Debug|Any CPU.ActiveCfg = Debug|Any CPU
		{68499F5E-C583-4B19-BF1F-AAC3E615513B}.Debug|Any CPU.Build.0 = Debug|Any CPU
		{68499F5E-C583-4B19-BF1F-AAC3E615513B}.Release|Any CPU.ActiveCfg = Release|Any CPU
		{68499F5E-C583-4B19-BF1F-AAC3E615513B}.Release|Any CPU.Build.0 = Release|Any CPU
	EndGlobalSection
	GlobalSection(SolutionProperties) = preSolution
		HideSolutionNode = FALSE
	EndGlobalSection
	GlobalSection(ExtensibilityGlobals) = postSolution
		SolutionGuid = {566DD7FA-864A-4204-8C40-5025BCC867B8}
	EndGlobalSection
EndGlobal
