
Microsoft Visual Studio Solution File, Format Version 12.00
# Visual Studio Version 17
VisualStudioVersion = 17.6.33723.286
MinimumVisualStudioVersion = 10.0.40219.1
Project("{FAE04EC0-301F-11D3-BF4B-00C04F79EFBC}") = "Practice Projects 1", "Practice Projects 1\Practice Projects 1.csproj", "{FCCDA04D-B983-4A7D-96E3-BA7AC01D2CD0}"
EndProject
Global
	GlobalSection(SolutionConfigurationPlatforms) = preSolution
		Debug|Any CPU = Debug|Any CPU
		Release|Any CPU = Release|Any CPU
	EndGlobalSection
	GlobalSection(ProjectConfigurationPlatforms) = postSolution
		{FCCDA04D-B983-4A7D-96E3-BA7AC01D2CD0}.Debug|Any CPU.ActiveCfg = Debug|Any CPU
		{FCCDA04D-B983-4A7D-96E3-BA7AC01D2CD0}.Debug|Any CPU.Build.0 = Debug|Any CPU
		{FCCDA04D-B983-4A7D-96E3-BA7AC01D2CD0}.Release|Any CPU.ActiveCfg = Release|Any CPU
		{FCCDA04D-B983-4A7D-96E3-BA7AC01D2CD0}.Release|Any CPU.Build.0 = Release|Any CPU
	EndGlobalSection
	GlobalSection(SolutionProperties) = preSolution
		HideSolutionNode = FALSE
	EndGlobalSection
	GlobalSection(ExtensibilityGlobals) = postSolution
		SolutionGuid = {B0EE1AD6-94F2-4CAC-AEEC-C7181161A0E4}
	EndGlobalSection
EndGlobal
